
Microsoft Visual Studio Solution File, Format Version 12.00
# Visual Studio Version 17
VisualStudioVersion = 17.5.002.0
MinimumVisualStudioVersion = 10.0.40219.1
Project("{9A19103F-16F7-4668-BE54-9A1E7A4F7556}") = "rvfun", "rvfun.csproj", "{EF8AD024-F1DB-41DC-9F53-57FAB9B3D4C6}"
EndProject
Global
	GlobalSection(SolutionConfigurationPlatforms) = preSolution
		Debug|Any CPU = Debug|Any CPU
		Release|Any CPU = Release|Any CPU
	EndGlobalSection
	GlobalSection(ProjectConfigurationPlatforms) = postSolution
		{EF8AD024-F1DB-41DC-9F53-57FAB9B3D4C6}.Debug|Any CPU.ActiveCfg = Debug|Any CPU
		{EF8AD024-F1DB-41DC-9F53-57FAB9B3D4C6}.Debug|Any CPU.Build.0 = Debug|Any CPU
		{EF8AD024-F1DB-41DC-9F53-57FAB9B3D4C6}.Release|Any CPU.ActiveCfg = Release|Any CPU
		{EF8AD024-F1DB-41DC-9F53-57FAB9B3D4C6}.Release|Any CPU.Build.0 = Release|Any CPU
	EndGlobalSection
	GlobalSection(SolutionProperties) = preSolution
		HideSolutionNode = FALSE
	EndGlobalSection
	GlobalSection(ExtensibilityGlobals) = postSolution
		SolutionGuid = {6E08022A-4D4E-4CE0-A5DD-56126A69BC49}
	EndGlobalSection
EndGlobal
